Microsoft Visual Studio Solution File, Format Version 8.00
Project("{8BC9CEB8-8B4A-11D0-8D11-00A0C91BC942}") = "DKE_REMASTERED", "TestDLL.vcproj", "{95548BC9-F6F5-46F2-AE12-DCAF700418FB}"
	ProjectSection(ProjectDependencies) = postProject
	EndProjectSection
EndProject
Global
	GlobalSection(SolutionConfiguration) = preSolution
		Debug = Debug
		DKER_home = DKER_home
		home_hook_dbg = home_hook_dbg
		hook_dll_dbg = hook_dll_dbg
		Release = Release
	EndGlobalSection
	GlobalSection(ProjectConfiguration) = postSolution
		{95548BC9-F6F5-46F2-AE12-DCAF700418FB}.Debug.ActiveCfg = Debug|Win32
		{95548BC9-F6F5-46F2-AE12-DCAF700418FB}.Debug.Build.0 = Debug|Win32
		{95548BC9-F6F5-46F2-AE12-DCAF700418FB}.DKER_home.ActiveCfg = DKER_home|Win32
		{95548BC9-F6F5-46F2-AE12-DCAF700418FB}.DKER_home.Build.0 = DKER_home|Win32
		{95548BC9-F6F5-46F2-AE12-DCAF700418FB}.home_hook_dbg.ActiveCfg = home_hook_dbg|Win32
		{95548BC9-F6F5-46F2-AE12-DCAF700418FB}.home_hook_dbg.Build.0 = home_hook_dbg|Win32
		{95548BC9-F6F5-46F2-AE12-DCAF700418FB}.hook_dll_dbg.ActiveCfg = hook_dll_dbg|Win32
		{95548BC9-F6F5-46F2-AE12-DCAF700418FB}.hook_dll_dbg.Build.0 = hook_dll_dbg|Win32
		{95548BC9-F6F5-46F2-AE12-DCAF700418FB}.Release.ActiveCfg = Release|Win32
		{95548BC9-F6F5-46F2-AE12-DCAF700418FB}.Release.Build.0 = Release|Win32
	EndGlobalSection
	GlobalSection(ExtensibilityGlobals) = postSolution
	EndGlobalSection
	GlobalSection(ExtensibilityAddIns) = postSolution
	EndGlobalSection
EndGlobal
